{
    "version": 3,
    "terraform_version": "0.11.3",
    "serial": 41,
    "lineage": "5921444e-9f7d-4e04-8a14-edcf63e7bfe8",
    "modules": [
        {
            "path": [
                "root"
            ],
            "outputs": {
                "id_list": {
                    "sensitive": false,
                    "type": "list",
                    "value": [
                        "i-0447cb098bd9b2358",
                        "i-0b5db46157e9a1e8d",
                        "i-0fb231bdc4c2b7791"
                    ]
                },
                "public_ip": {
                    "sensitive": false,
                    "type": "list",
                    "value": [
                        "13.57.56.48",
                        "13.57.242.76",
                        "54.215.211.27"
                    ]
                }
            },
            "resources": {
                "aws_elb.TF_ELB_web": {
                    "type": "aws_elb",
                    "depends_on": [
                        "aws_instance.nginx_nodejs.*",
                        "aws_security_group.TF_elb_sg",
                        "aws_subnet.TFPublicAZA"
                    ],
                    "primary": {
                        "id": "TF-ELB-web",
                        "attributes": {
                            "access_logs.#": "0",
                            "arn": "arn:aws:elasticloadbalancing:us-west-1:315414901942:loadbalancer/TF-ELB-web",
                            "availability_zones.#": "1",
                            "availability_zones.3205754986": "us-west-1a",
                            "connection_draining": "false",
                            "connection_draining_timeout": "300",
                            "cross_zone_load_balancing": "true",
                            "dns_name": "TF-ELB-web-1745001111.us-west-1.elb.amazonaws.com",
                            "health_check.#": "1",
                            "health_check.0.healthy_threshold": "2",
                            "health_check.0.interval": "30",
                            "health_check.0.target": "HTTP:80/",
                            "health_check.0.timeout": "3",
                            "health_check.0.unhealthy_threshold": "2",
                            "id": "TF-ELB-web",
                            "idle_timeout": "60",
                            "instances.#": "3",
                            "instances.2960554043": "i-0fb231bdc4c2b7791",
                            "instances.3498596832": "i-0447cb098bd9b2358",
                            "instances.4241134847": "i-0b5db46157e9a1e8d",
                            "internal": "false",
                            "listener.#": "2",
                            "listener.1092403652.instance_port": "8080",
                            "listener.1092403652.instance_protocol": "http",
                            "listener.1092403652.lb_port": "8080",
                            "listener.1092403652.lb_protocol": "http",
                            "listener.1092403652.ssl_certificate_id": "",
                            "listener.3057123346.instance_port": "80",
                            "listener.3057123346.instance_protocol": "http",
                            "listener.3057123346.lb_port": "80",
                            "listener.3057123346.lb_protocol": "http",
                            "listener.3057123346.ssl_certificate_id": "",
                            "name": "TF-ELB-web",
                            "security_groups.#": "1",
                            "security_groups.3122243255": "sg-79079200",
                            "source_security_group": "315414901942/TF_elb_sg",
                            "source_security_group_id": "sg-79079200",
                            "subnets.#": "1",
                            "subnets.3366867899": "subnet-a6bbc4c1",
                            "tags.%": "0",
                            "zone_id": "Z368ELLRRE2KJ0"
                        },
                        "meta": {},
                        "tainted": false
                    },
                    "deposed": [],
                    "provider": "provider.aws"
                },
                "aws_instance.nginx_nodejs.0": {
                    "type": "aws_instance",
                    "depends_on": [
                        "aws_security_group.FrontEnd",
                        "aws_subnet.TFPublicAZA"
                    ],
                    "primary": {
                        "id": "i-0447cb098bd9b2358",
                        "attributes": {
                            "ami": "ami-7c280d1c",
                            "associate_public_ip_address": "true",
                            "availability_zone": "us-west-1a",
                            "disable_api_termination": "false",
                            "ebs_block_device.#": "0",
                            "ebs_optimized": "false",
                            "ephemeral_block_device.#": "0",
                            "iam_instance_profile": "",
                            "id": "i-0447cb098bd9b2358",
                            "instance_state": "running",
                            "instance_type": "t2.micro",
                            "ipv6_addresses.#": "0",
                            "key_name": "sams_tf_nodejs",
                            "monitoring": "false",
                            "network_interface.#": "0",
                            "network_interface_id": "eni-fb0d88d5",
                            "placement_group": "",
                            "primary_network_interface_id": "eni-fb0d88d5",
                            "private_dns": "ip-10-2-1-40.us-west-1.compute.internal",
                            "private_ip": "10.2.1.40",
                            "public_dns": "ec2-13-57-56-48.us-west-1.compute.amazonaws.com",
                            "public_ip": "13.57.56.48",
                            "root_block_device.#": "1",
                            "root_block_device.0.delete_on_termination": "false",
                            "root_block_device.0.iops": "0",
                            "root_block_device.0.volume_id": "vol-0c83531588e1f1baa",
                            "root_block_device.0.volume_size": "8",
                            "root_block_device.0.volume_type": "standard",
                            "security_groups.#": "0",
                            "source_dest_check": "true",
                            "subnet_id": "subnet-a6bbc4c1",
                            "tags.%": "1",
                            "tags.Name": "TF_nginx_nodejs-0",
                            "tenancy": "default",
                            "volume_tags.%": "0",
                            "vpc_security_group_ids.#": "1",
                            "vpc_security_group_ids.3348900676": "sg-68059011"
                        },
                        "meta": {
                            "e2bfb730-ecaa-11e6-8f88-34363bc7c4c0": {
                                "create": 600000000000,
                                "delete": 600000000000,
                                "update": 600000000000
                            },
                            "schema_version": "1"
                        },
                        "tainted": false
                    },
                    "deposed": [],
                    "provider": "provider.aws"
                },
                "aws_instance.nginx_nodejs.1": {
                    "type": "aws_instance",
                    "depends_on": [
                        "aws_security_group.FrontEnd",
                        "aws_subnet.TFPublicAZA"
                    ],
                    "primary": {
                        "id": "i-0b5db46157e9a1e8d",
                        "attributes": {
                            "ami": "ami-7c280d1c",
                            "associate_public_ip_address": "true",
                            "availability_zone": "us-west-1a",
                            "disable_api_termination": "false",
                            "ebs_block_device.#": "0",
                            "ebs_optimized": "false",
                            "ephemeral_block_device.#": "0",
                            "iam_instance_profile": "",
                            "id": "i-0b5db46157e9a1e8d",
                            "instance_state": "running",
                            "instance_type": "t2.micro",
                            "ipv6_addresses.#": "0",
                            "key_name": "sams_tf_nodejs",
                            "monitoring": "false",
                            "network_interface.#": "0",
                            "network_interface_id": "eni-17038639",
                            "placement_group": "",
                            "primary_network_interface_id": "eni-17038639",
                            "private_dns": "ip-10-2-1-5.us-west-1.compute.internal",
                            "private_ip": "10.2.1.5",
                            "public_dns": "ec2-13-57-242-76.us-west-1.compute.amazonaws.com",
                            "public_ip": "13.57.242.76",
                            "root_block_device.#": "1",
                            "root_block_device.0.delete_on_termination": "false",
                            "root_block_device.0.iops": "0",
                            "root_block_device.0.volume_id": "vol-0e7cfe2010ec32278",
                            "root_block_device.0.volume_size": "8",
                            "root_block_device.0.volume_type": "standard",
                            "security_groups.#": "0",
                            "source_dest_check": "true",
                            "subnet_id": "subnet-a6bbc4c1",
                            "tags.%": "1",
                            "tags.Name": "TF_nginx_nodejs-1",
                            "tenancy": "default",
                            "volume_tags.%": "0",
                            "vpc_security_group_ids.#": "1",
                            "vpc_security_group_ids.3348900676": "sg-68059011"
                        },
                        "meta": {
                            "e2bfb730-ecaa-11e6-8f88-34363bc7c4c0": {
                                "create": 600000000000,
                                "delete": 600000000000,
                                "update": 600000000000
                            },
                            "schema_version": "1"
                        },
                        "tainted": false
                    },
                    "deposed": [],
                    "provider": "provider.aws"
                },
                "aws_instance.nginx_nodejs.2": {
                    "type": "aws_instance",
                    "depends_on": [
                        "aws_security_group.FrontEnd",
                        "aws_subnet.TFPublicAZA"
                    ],
                    "primary": {
                        "id": "i-0fb231bdc4c2b7791",
                        "attributes": {
                            "ami": "ami-7c280d1c",
                            "associate_public_ip_address": "true",
                            "availability_zone": "us-west-1a",
                            "disable_api_termination": "false",
                            "ebs_block_device.#": "0",
                            "ebs_optimized": "false",
                            "ephemeral_block_device.#": "0",
                            "iam_instance_profile": "",
                            "id": "i-0fb231bdc4c2b7791",
                            "instance_state": "running",
                            "instance_type": "t2.micro",
                            "ipv6_addresses.#": "0",
                            "key_name": "sams_tf_nodejs",
                            "monitoring": "false",
                            "network_interface.#": "0",
                            "network_interface_id": "eni-1e0c8930",
                            "placement_group": "",
                            "primary_network_interface_id": "eni-1e0c8930",
                            "private_dns": "ip-10-2-1-98.us-west-1.compute.internal",
                            "private_ip": "10.2.1.98",
                            "public_dns": "ec2-54-215-211-27.us-west-1.compute.amazonaws.com",
                            "public_ip": "54.215.211.27",
                            "root_block_device.#": "1",
                            "root_block_device.0.delete_on_termination": "false",
                            "root_block_device.0.iops": "0",
                            "root_block_device.0.volume_id": "vol-0d7200056e0d0d167",
                            "root_block_device.0.volume_size": "8",
                            "root_block_device.0.volume_type": "standard",
                            "security_groups.#": "0",
                            "source_dest_check": "true",
                            "subnet_id": "subnet-a6bbc4c1",
                            "tags.%": "1",
                            "tags.Name": "TF_nginx_nodejs-2",
                            "tenancy": "default",
                            "volume_tags.%": "0",
                            "vpc_security_group_ids.#": "1",
                            "vpc_security_group_ids.3348900676": "sg-68059011"
                        },
                        "meta": {
                            "e2bfb730-ecaa-11e6-8f88-34363bc7c4c0": {
                                "create": 600000000000,
                                "delete": 600000000000,
                                "update": 600000000000
                            },
                            "schema_version": "1"
                        },
                        "tainted": false
                    },
                    "deposed": [],
                    "provider": "provider.aws"
                },
                "aws_internet_gateway.gw": {
                    "type": "aws_internet_gateway",
                    "depends_on": [
                        "aws_vpc.terraformmain"
                    ],
                    "primary": {
                        "id": "igw-56059b32",
                        "attributes": {
                            "id": "igw-56059b32",
                            "tags.%": "1",
                            "tags.Name": "internet gw terraform generated",
                            "vpc_id": "vpc-3473d353"
                        },
                        "meta": {},
                        "tainted": false
                    },
                    "deposed": [],
                    "provider": "provider.aws"
                },
                "aws_network_acl.all": {
                    "type": "aws_network_acl",
                    "depends_on": [
                        "aws_vpc.terraformmain"
                    ],
                    "primary": {
                        "id": "acl-bdb7c2da",
                        "attributes": {
                            "egress.#": "1",
                            "egress.2943206146.action": "allow",
                            "egress.2943206146.cidr_block": "0.0.0.0/0",
                            "egress.2943206146.from_port": "0",
                            "egress.2943206146.icmp_code": "0",
                            "egress.2943206146.icmp_type": "0",
                            "egress.2943206146.ipv6_cidr_block": "",
                            "egress.2943206146.protocol": "-1",
                            "egress.2943206146.rule_no": "2",
                            "egress.2943206146.to_port": "0",
                            "id": "acl-bdb7c2da",
                            "ingress.#": "1",
                            "ingress.1564094202.action": "allow",
                            "ingress.1564094202.cidr_block": "0.0.0.0/0",
                            "ingress.1564094202.from_port": "0",
                            "ingress.1564094202.icmp_code": "0",
                            "ingress.1564094202.icmp_type": "0",
                            "ingress.1564094202.ipv6_cidr_block": "",
                            "ingress.1564094202.protocol": "-1",
                            "ingress.1564094202.rule_no": "1",
                            "ingress.1564094202.to_port": "0",
                            "subnet_ids.#": "0",
                            "tags.%": "1",
                            "tags.Name": "open acl",
                            "vpc_id": "vpc-3473d353"
                        },
                        "meta": {},
                        "tainted": false
                    },
                    "deposed": [],
                    "provider": "provider.aws"
                },
                "aws_route_table.public": {
                    "type": "aws_route_table",
                    "depends_on": [
                        "aws_internet_gateway.gw",
                        "aws_vpc.terraformmain"
                    ],
                    "primary": {
                        "id": "rtb-fc01489b",
                        "attributes": {
                            "id": "rtb-fc01489b",
                            "propagating_vgws.#": "0",
                            "route.#": "1",
                            "route.2367753614.cidr_block": "0.0.0.0/0",
                            "route.2367753614.egress_only_gateway_id": "",
                            "route.2367753614.gateway_id": "igw-56059b32",
                            "route.2367753614.instance_id": "",
                            "route.2367753614.ipv6_cidr_block": "",
                            "route.2367753614.nat_gateway_id": "",
                            "route.2367753614.network_interface_id": "",
                            "route.2367753614.vpc_peering_connection_id": "",
                            "tags.%": "1",
                            "tags.Name": "Public",
                            "vpc_id": "vpc-3473d353"
                        },
                        "meta": {},
                        "tainted": false
                    },
                    "deposed": [],
                    "provider": "provider.aws"
                },
                "aws_route_table_association.TFPublicAZA": {
                    "type": "aws_route_table_association",
                    "depends_on": [
                        "aws_route_table.public",
                        "aws_subnet.TFPublicAZA"
                    ],
                    "primary": {
                        "id": "rtbassoc-972a90f1",
                        "attributes": {
                            "id": "rtbassoc-972a90f1",
                            "route_table_id": "rtb-fc01489b",
                            "subnet_id": "subnet-a6bbc4c1"
                        },
                        "meta": {},
                        "tainted": false
                    },
                    "deposed": [],
                    "provider": "provider.aws"
                },
                "aws_security_group.FrontEnd": {
                    "type": "aws_security_group",
                    "depends_on": [
                        "aws_vpc.terraformmain"
                    ],
                    "primary": {
                        "id": "sg-68059011",
                        "attributes": {
                            "description": "ONLY HTTP CONNECTION INBOUD",
                            "egress.#": "1",
                            "egress.482069346.cidr_blocks.#": "1",
                            "egress.482069346.cidr_blocks.0": "0.0.0.0/0",
                            "egress.482069346.description": "",
                            "egress.482069346.from_port": "0",
                            "egress.482069346.ipv6_cidr_blocks.#": "0",
                            "egress.482069346.prefix_list_ids.#": "0",
                            "egress.482069346.protocol": "-1",
                            "egress.482069346.security_groups.#": "0",
                            "egress.482069346.self": "false",
                            "egress.482069346.to_port": "0",
                            "id": "sg-68059011",
                            "ingress.#": "3",
                            "ingress.2214680975.cidr_blocks.#": "1",
                            "ingress.2214680975.cidr_blocks.0": "0.0.0.0/0",
                            "ingress.2214680975.description": "",
                            "ingress.2214680975.from_port": "80",
                            "ingress.2214680975.ipv6_cidr_blocks.#": "0",
                            "ingress.2214680975.protocol": "TCP",
                            "ingress.2214680975.security_groups.#": "0",
                            "ingress.2214680975.self": "false",
                            "ingress.2214680975.to_port": "80",
                            "ingress.2401993382.cidr_blocks.#": "1",
                            "ingress.2401993382.cidr_blocks.0": "73.41.159.141/32",
                            "ingress.2401993382.description": "",
                            "ingress.2401993382.from_port": "22",
                            "ingress.2401993382.ipv6_cidr_blocks.#": "0",
                            "ingress.2401993382.protocol": "TCP",
                            "ingress.2401993382.security_groups.#": "0",
                            "ingress.2401993382.self": "false",
                            "ingress.2401993382.to_port": "22",
                            "ingress.516175195.cidr_blocks.#": "1",
                            "ingress.516175195.cidr_blocks.0": "0.0.0.0/0",
                            "ingress.516175195.description": "",
                            "ingress.516175195.from_port": "8080",
                            "ingress.516175195.ipv6_cidr_blocks.#": "0",
                            "ingress.516175195.protocol": "TCP",
                            "ingress.516175195.security_groups.#": "0",
                            "ingress.516175195.self": "false",
                            "ingress.516175195.to_port": "8080",
                            "name": "FrontEnd",
                            "owner_id": "315414901942",
                            "revoke_rules_on_delete": "false",
                            "tags.%": "1",
                            "tags.Name": "TF FrontEnd",
                            "vpc_id": "vpc-3473d353"
                        },
                        "meta": {
                            "schema_version": "1"
                        },
                        "tainted": false
                    },
                    "deposed": [],
                    "provider": "provider.aws"
                },
                "aws_security_group.TF_elb_sg": {
                    "type": "aws_security_group",
                    "depends_on": [
                        "aws_instance.nginx_nodejs",
                        "aws_internet_gateway.gw",
                        "aws_vpc.terraformmain"
                    ],
                    "primary": {
                        "id": "sg-79079200",
                        "attributes": {
                            "description": "ELB security group to access the ELB over HTTP",
                            "egress.#": "1",
                            "egress.482069346.cidr_blocks.#": "1",
                            "egress.482069346.cidr_blocks.0": "0.0.0.0/0",
                            "egress.482069346.description": "",
                            "egress.482069346.from_port": "0",
                            "egress.482069346.ipv6_cidr_blocks.#": "0",
                            "egress.482069346.prefix_list_ids.#": "0",
                            "egress.482069346.protocol": "-1",
                            "egress.482069346.security_groups.#": "0",
                            "egress.482069346.self": "false",
                            "egress.482069346.to_port": "0",
                            "id": "sg-79079200",
                            "ingress.#": "2",
                            "ingress.2214680975.cidr_blocks.#": "1",
                            "ingress.2214680975.cidr_blocks.0": "0.0.0.0/0",
                            "ingress.2214680975.description": "",
                            "ingress.2214680975.from_port": "80",
                            "ingress.2214680975.ipv6_cidr_blocks.#": "0",
                            "ingress.2214680975.protocol": "tcp",
                            "ingress.2214680975.security_groups.#": "0",
                            "ingress.2214680975.self": "false",
                            "ingress.2214680975.to_port": "80",
                            "ingress.516175195.cidr_blocks.#": "1",
                            "ingress.516175195.cidr_blocks.0": "0.0.0.0/0",
                            "ingress.516175195.description": "",
                            "ingress.516175195.from_port": "8080",
                            "ingress.516175195.ipv6_cidr_blocks.#": "0",
                            "ingress.516175195.protocol": "tcp",
                            "ingress.516175195.security_groups.#": "0",
                            "ingress.516175195.self": "false",
                            "ingress.516175195.to_port": "8080",
                            "name": "TF_elb_sg",
                            "owner_id": "315414901942",
                            "revoke_rules_on_delete": "false",
                            "tags.%": "0",
                            "vpc_id": "vpc-3473d353"
                        },
                        "meta": {
                            "schema_version": "1"
                        },
                        "tainted": false
                    },
                    "deposed": [],
                    "provider": "provider.aws"
                },
                "aws_subnet.TFPublicAZA": {
                    "type": "aws_subnet",
                    "depends_on": [
                        "aws_vpc.terraformmain",
                        "data.aws_availability_zones.available"
                    ],
                    "primary": {
                        "id": "subnet-a6bbc4c1",
                        "attributes": {
                            "assign_ipv6_address_on_creation": "false",
                            "availability_zone": "us-west-1a",
                            "cidr_block": "10.2.1.0/24",
                            "id": "subnet-a6bbc4c1",
                            "map_public_ip_on_launch": "false",
                            "tags.%": "1",
                            "tags.Name": "TF PublicAZA",
                            "vpc_id": "vpc-3473d353"
                        },
                        "meta": {
                            "schema_version": "1"
                        },
                        "tainted": false
                    },
                    "deposed": [],
                    "provider": "provider.aws"
                },
                "aws_vpc.terraformmain": {
                    "type": "aws_vpc",
                    "depends_on": [],
                    "primary": {
                        "id": "vpc-3473d353",
                        "attributes": {
                            "assign_generated_ipv6_cidr_block": "false",
                            "cidr_block": "10.2.0.0/16",
                            "default_network_acl_id": "acl-90b3c6f7",
                            "default_route_table_id": "rtb-21014846",
                            "default_security_group_id": "sg-85188dfc",
                            "dhcp_options_id": "dopt-a2c9c3c0",
                            "enable_classiclink": "false",
                            "enable_classiclink_dns_support": "false",
                            "enable_dns_hostnames": "true",
                            "enable_dns_support": "true",
                            "id": "vpc-3473d353",
                            "instance_tenancy": "default",
                            "main_route_table_id": "rtb-21014846",
                            "tags.%": "1",
                            "tags.Name": "NodeJs terraform vpc"
                        },
                        "meta": {
                            "schema_version": "1"
                        },
                        "tainted": false
                    },
                    "deposed": [],
                    "provider": "provider.aws"
                },
                "data.aws_availability_zones.available": {
                    "type": "aws_availability_zones",
                    "depends_on": [],
                    "primary": {
                        "id": "2018-02-15 16:12:52.838555 +0000 UTC",
                        "attributes": {
                            "id": "2018-02-15 16:12:52.838555 +0000 UTC",
                            "names.#": "2",
                            "names.0": "us-west-1a",
                            "names.1": "us-west-1c"
                        },
                        "meta": {},
                        "tainted": false
                    },
                    "deposed": [],
                    "provider": "provider.aws"
                },
                "local_file.inventory-meta": {
                    "type": "local_file",
                    "depends_on": [
                        "aws_instance.nginx_nodejs.*"
                    ],
                    "primary": {
                        "id": "1e3f1cab9fa7d9793a6c604fa7fbf504c3c8dcd3",
                        "attributes": {
                            "content": "[web]\n13.57.56.48\n13.57.242.76\n54.215.211.27\n\n[private]\n10.2.1.40\n10.2.1.5\n10.2.1.98\n",
                            "filename": "aws_hosts",
                            "id": "1e3f1cab9fa7d9793a6c604fa7fbf504c3c8dcd3"
                        },
                        "meta": {},
                        "tainted": false
                    },
                    "deposed": [],
                    "provider": "provider.local"
                },
                "null_resource.Ansible": {
                    "type": "null_resource",
                    "depends_on": [
                        "aws_instance.nginx_nodejs"
                    ],
                    "primary": {
                        "id": "4300234125926863818",
                        "attributes": {
                            "id": "4300234125926863818"
                        },
                        "meta": {},
                        "tainted": false
                    },
                    "deposed": [],
                    "provider": "provider.null"
                }
            },
            "depends_on": []
        }
    ]
}